Microsoft Visual Studio Solution File, Format Version 11.00
# Visual Studio 2008

Project("{902739BC-10C8-7987-7115-32CD6E05DF48}") = "Ball Hunt", "Assembly-CSharp.csproj", "{FF8B94F3-F27F-6F7D-A678-C74CC76A8D72}"
EndProject
Global
	GlobalSection(SolutionConfigurationPlatforms) = preSolution
		Debug|Any CPU = Debug|Any CPU
		Release|Any CPU = Release|Any CPU
	EndGlobalSection
	GlobalSection(ProjectConfigurationPlatforms) = postSolution
		{FF8B94F3-F27F-6F7D-A678-C74CC76A8D72}.Debug|Any CPU.ActiveCfg = Debug|Any CPU
		{FF8B94F3-F27F-6F7D-A678-C74CC76A8D72}.Debug|Any CPU.Build.0 = Debug|Any CPU
		{FF8B94F3-F27F-6F7D-A678-C74CC76A8D72}.Release|Any CPU.ActiveCfg = Release|Any CPU
		{FF8B94F3-F27F-6F7D-A678-C74CC76A8D72}.Release|Any CPU.Build.0 = Release|Any CPU
	EndGlobalSection
	GlobalSection(SolutionProperties) = preSolution
		HideSolutionNode = FALSE
	EndGlobalSection
	GlobalSection(MonoDevelopProperties) = preSolution
		StartupItem = Assembly-CSharp.csproj
	EndGlobalSection
EndGlobal
